// !$*UTF8*$!
{
	archiveVersion = 1;
	classes = {
	};
	objectVersion = 56;
	objects = {

/* Begin PBXBuildFile section */
		D287F3DF2BA61AAE00AB09AC /* PracticeUIApp.swift in Sources */ = {isa = PBXBuildFile; fileRef = D287F3DE2BA61AAE00AB09AC /* PracticeUIApp.swift */; };
		D287F3E12BA61AAE00AB09AC /* ContentView.swift in Sources */ = {isa = PBXBuildFile; fileRef = D287F3E02BA61AAE00AB09AC /* ContentView.swift */; };
		D287F3E32BA61AB100AB09AC /* Assets.xcassets in Resources */ = {isa = PBXBuildFile; fileRef = D287F3E22BA61AB100AB09AC /* Assets.xcassets */; };
		D287F3E62BA61AB100AB09AC /* Preview Assets.xcassets in Resources */ = {isa = PBXBuildFile; fileRef = D287F3E52BA61AB100AB09AC /* Preview Assets.xcassets */; };
		D287F3ED2BA61AEA00AB09AC /* globe.png in Resources */ = {isa = PBXBuildFile; fileRef = D287F3EC2BA61AEA00AB09AC /* globe.png */; };
		D287F3EF2BA61BCC00AB09AC /* SignInEmailView.swift in Sources */ = {isa = PBXBuildFile; fileRef = D287F3EE2BA61BCC00AB09AC /* SignInEmailView.swift */; };
		D287F3F12BA61FE000AB09AC /* SwiftUIView.swift in Sources */ = {isa = PBXBuildFile; fileRef = D287F3F02BA61FE000AB09AC /* SwiftUIView.swift */; };
		D287F3F32BA6213800AB09AC /* InterestSelectionView.swift in Sources */ = {isa = PBXBuildFile; fileRef = D287F3F22BA6213800AB09AC /* InterestSelectionView.swift */; };
/* End PBXBuildFile section */

/* Begin PBXFileReference section */
		D287F3DB2BA61AAE00AB09AC /* PracticeUI.app */ = {isa = PBXFileReference; explicitFileType = wrapper.application; includeInIndex = 0; path = PracticeUI.app; sourceTree = BUILT_PRODUCTS_DIR; };
		D287F3DE2BA61AAE00AB09AC /* PracticeUIApp.swift */ = {isa = PBXFileReference; lastKnownFileType = sourcecode.swift; path = PracticeUIApp.swift; sourceTree = "<group>"; };
		D287F3E02BA61AAE00AB09AC /* ContentView.swift */ = {isa = PBXFileReference; lastKnownFileType = sourcecode.swift; path = ContentView.swift; sourceTree = "<group>"; };
		D287F3E22BA61AB100AB09AC /* Assets.xcassets */ = {isa = PBXFileReference; lastKnownFileType = folder.assetcatalog; path = Assets.xcassets; sourceTree = "<group>"; };
		D287F3E52BA61AB100AB09AC /* Preview Assets.xcassets */ = {isa = PBXFileReference; lastKnownFileType = folder.assetcatalog; path = "Preview Assets.xcassets"; sourceTree = "<group>"; };
		D287F3EC2BA61AEA00AB09AC /* globe.png */ = {isa = PBXFileReference; lastKnownFileType = image.png; name = globe.png; path = ../../../Downloads/globe.png; sourceTree = "<group>"; };
		D287F3EE2BA61BCC00AB09AC /* SignInEmailView.swift */ = {isa = PBXFileReference; lastKnownFileType = sourcecode.swift; path = SignInEmailView.swift; sourceTree = "<group>"; };
		D287F3F02BA61FE000AB09AC /* SwiftUIView.swift */ = {isa = PBXFileReference; lastKnownFileType = sourcecode.swift; path = SwiftUIView.swift; sourceTree = "<group>"; };
		D287F3F22BA6213800AB09AC /* InterestSelectionView.swift */ = {isa = PBXFileReference; lastKnownFileType = sourcecode.swift; path = InterestSelectionView.swift; sourceTree = "<group>"; };
/* End PBXFileReference section */

/* Begin PBXFrameworksBuildPhase section */
		D287F3D82BA61AAE00AB09AC /* Frameworks */ = {
			isa = PBXFrameworksBuildPhase;
			buildActionMask = 2147483647;
			files = (
			);
			runOnlyForDeploymentPostprocessing = 0;
		};
/* End PBXFrameworksBuildPhase section */

/* Begin PBXGroup section */
		D287F3D22BA61AAE00AB09AC = {
			isa = PBXGroup;
			children = (
				D287F3DD2BA61AAE00AB09AC /* PracticeUI */,
				D287F3DC2BA61AAE00AB09AC /* Products */,
			);
			sourceTree = "<group>";
		};
		D287F3DC2BA61AAE00AB09AC /* Products */ = {
			isa = PBXGroup;
			children = (
				D287F3DB2BA61AAE00AB09AC /* PracticeUI.app */,
			);
			name = Products;
			sourceTree = "<group>";
		};
		D287F3DD2BA61AAE00AB09AC /* PracticeUI */ = {
			isa = PBXGroup;
			children = (
				D287F3EC2BA61AEA00AB09AC /* globe.png */,
				D287F3F22BA6213800AB09AC /* InterestSelectionView.swift */,
				D287F3DE2BA61AAE00AB09AC /* PracticeUIApp.swift */,
				D287F3E02BA61AAE00AB09AC /* ContentView.swift */,
				D287F3EE2BA61BCC00AB09AC /* SignInEmailView.swift */,
				D287F3F02BA61FE000AB09AC /* SwiftUIView.swift */,
				D287F3E22BA61AB100AB09AC /* Assets.xcassets */,
				D287F3E42BA61AB100AB09AC /* Preview Content */,
			);
			path = PracticeUI;
			sourceTree = "<group>";
		};
		D287F3E42BA61AB100AB09AC /* Preview Content */ = {
			isa = PBXGroup;
			children = (
				D287F3E52BA61AB100AB09AC /* Preview Assets.xcassets */,
			);
			path = "Preview Content";
			sourceTree = "<group>";
		};
/* End PBXGroup section */

/* Begin PBXNativeTarget section */
		D287F3DA2BA61AAE00AB09AC /* PracticeUI */ = {
			isa = PBXNativeTarget;
			buildConfigurationList = D287F3E92BA61AB100AB09AC /* Build configuration list for PBXNativeTarget "PracticeUI" */;
			buildPhases = (
				D287F3D72BA61AAE00AB09AC /* Sources */,
				D287F3D82BA61AAE00AB09AC /* Frameworks */,
				D287F3D92BA61AAE00AB09AC /* Resources */,
			);
			buildRules = (
			);
			dependencies = (
			);
			name = PracticeUI;
			productName = PracticeUI;
			productReference = D287F3DB2BA61AAE00AB09AC /* PracticeUI.app */;
			productType = "com.apple.product-type.application";
		};
/* End PBXNativeTarget section */

/* Begin PBXProject section */
		D287F3D32BA61AAE00AB09AC /* Project object */ = {
			isa = PBXProject;
			attributes = {
				BuildIndependentTargetsInParallel = 1;
				LastSwiftUpdateCheck = 1530;
				LastUpgradeCheck = 1530;
				TargetAttributes = {
					D287F3DA2BA61AAE00AB09AC = {
						CreatedOnToolsVersion = 15.3;
					};
				};
			};
			buildConfigurationList = D287F3D62BA61AAE00AB09AC /* Build configuration list for PBXProject "PracticeUI" */;
			compatibilityVersion = "Xcode 14.0";
			developmentRegion = en;
			hasScannedForEncodings = 0;
			knownRegions = (
				en,
				Base,
			);
			mainGroup = D287F3D22BA61AAE00AB09AC;
			productRefGroup = D287F3DC2BA61AAE00AB09AC /* Products */;
			projectDirPath = "";
			projectRoot = "";
			targets = (
				D287F3DA2BA61AAE00AB09AC /* PracticeUI */,
			);
		};
/* End PBXProject section */

/* Begin PBXResourcesBuildPhase section */
		D287F3D92BA61AAE00AB09AC /* Resources */ = {
			isa = PBXResourcesBuildPhase;
			buildActionMask = 2147483647;
			files = (
				D287F3ED2BA61AEA00AB09AC /* globe.png in Resources */,
				D287F3E62BA61AB100AB09AC /* Preview Assets.xcassets in Resources */,
				D287F3E32BA61AB100AB09AC /* Assets.xcassets in Resources */,
			);
			runOnlyForDeploymentPostprocessing = 0;
		};
/* End PBXResourcesBuildPhase section */

/* Begin PBXSourcesBuildPhase section */
		D287F3D72BA61AAE00AB09AC /* Sources */ = {
			isa = PBXSourcesBuildPhase;
			buildActionMask = 2147483647;
			files = (
				D287F3E12BA61AAE00AB09AC /* ContentView.swift in Sources */,
				D287F3EF2BA61BCC00AB09AC /* SignInEmailView.swift in Sources */,
				D287F3F12BA61FE000AB09AC /* SwiftUIView.swift in Sources */,
				D287F3F32BA6213800AB09AC /* InterestSelectionView.swift in Sources */,
				D287F3DF2BA61AAE00AB09AC /* PracticeUIApp.swift in Sources */,
			);
			runOnlyForDeploymentPostprocessing = 0;
		};
/* End PBXSourcesBuildPhase section */

/* Begin XCBuildConfiguration section */
		D287F3E72BA61AB100AB09AC /* Debug */ = {
			isa = XCBuildConfiguration;
			buildSettings = {
				ALWAYS_SEARCH_USER_PATHS = NO;
				ASSETCATALOG_COMPILER_GENERATE_SWIFT_ASSET_SYMBOL_EXTENSIONS = YES;
				CLANG_ANALYZER_NONNULL = YES;
				CLANG_ANALYZER_NUMBER_OBJECT_CONVERSION = YES_AGGRESSIVE;
				CLANG_CXX_LANGUAGE_STANDARD = "gnu++20";
				CLANG_ENABLE_MODULES = YES;
				CLANG_ENABLE_OBJC_ARC = YES;
				CLANG_ENABLE_OBJC_WEAK = YES;
				CLANG_WARN_BLOCK_CAPTURE_AUTORELEASING = YES;
				CLANG_WARN_BOOL_CONVERSION = YES;
				CLANG_WARN_COMMA = YES;
				CLANG_WARN_CONSTANT_CONVERSION = YES;
				CLANG_WARN_DEPRECATED_OBJC_IMPLEMENTATIONS = YES;
				CLANG_WARN_DIRECT_OBJC_ISA_USAGE = YES_ERROR;
				CLANG_WARN_DOCUMENTATION_COMMENTS = YES;
				CLANG_WARN_EMPTY_BODY = YES;
				CLANG_WARN_ENUM_CONVERSION = YES;
				CLANG_WARN_INFINITE_RECURSION = YES;
				CLANG_WARN_INT_CONVERSION = YES;
				CLANG_WARN_NON_LITERAL_NULL_CONVERSION = YES;
				CLANG_WARN_OBJC_IMPLICIT_RETAIN_SELF = YES;
				CLANG_WARN_OBJC_LITERAL_CONVERSION = YES;
				CLANG_WARN_OBJC_ROOT_CLASS = YES_ERROR;
				CLANG_WARN_QUOTED_INCLUDE_IN_FRAMEWORK_HEADER = YES;
				CLANG_WARN_RANGE_LOOP_ANALYSIS = YES;
				CLANG_WARN_STRICT_PROTOTYPES = YES;
				CLANG_WARN_SUSPICIOUS_MOVE = YES;
				CLANG_WARN_UNGUARDED_AVAILABILITY = YES_AGGRESSIVE;
				CLANG_WARN_UNREACHABLE_CODE = YES;
				CLANG_WARN__DUPLICATE_METHOD_MATCH = YES;
				COPY_PHASE_STRIP = NO;
				DEBUG_INFORMATION_FORMAT = dwarf;
				ENABLE_STRICT_OBJC_MSGSEND = YES;
				ENABLE_TESTABILITY = YES;
				ENABLE_USER_SCRIPT_SANDBOXING = YES;
				GCC_C_LANGUAGE_STANDARD = gnu17;
				GCC_DYNAMIC_NO_PIC = NO;
				GCC_NO_COMMON_BLOCKS = YES;
				GCC_OPTIMIZATION_LEVEL = 0;
				GCC_PREPROCESSOR_DEFINITIONS = (
					"DEBUG=1",
					"$(inherited)",
				);
				GCC_WARN_64_TO_32_BIT_CONVERSION = YES;
				GCC_WARN_ABOUT_RETURN_TYPE = YES_ERROR;
				GCC_WARN_UNDECLARED_SELECTOR = YES;
				GCC_WARN_UNINITIALIZED_AUTOS = YES_AGGRESSIVE;
				GCC_WARN_UNUSED_FUNCTION = YES;
				GCC_WARN_UNUSED_VARIABLE = YES;
				IPHONEOS_DEPLOYMENT_TARGET = 17.4;
				LOCALIZATION_PREFERS_STRING_CATALOGS = YES;
				MTL_ENABLE_DEBUG_INFO = INCLUDE_SOURCE;
				MTL_FAST_MATH = YES;
				ONLY_ACTIVE_ARCH = YES;
				SDKROOT = iphoneos;
				SWIFT_ACTIVE_COMPILATION_CONDITIONS = "DEBUG $(inherited)";
				SWIFT_OPTIMIZATION_LEVEL = "-Onone";
			};
			name = Debug;
		};
		D287F3E82BA61AB100AB09AC /* Release */ = {
			isa = XCBuildConfiguration;
			buildSettings = {
				ALWAYS_SEARCH_USER_PATHS = NO;
				ASSETCATALOG_COMPILER_GENERATE_SWIFT_ASSET_SYMBOL_EXTENSIONS = YES;
				CLANG_ANALYZER_NONNULL = YES;
				CLANG_ANALYZER_NUMBER_OBJECT_CONVERSION = YES_AGGRESSIVE;
				CLANG_CXX_LANGUAGE_STANDARD = "gnu++20";
				CLANG_ENABLE_MODULES = YES;
				CLANG_ENABLE_OBJC_ARC = YES;
				CLANG_ENABLE_OBJC_WEAK = YES;
				CLANG_WARN_BLOCK_CAPTURE_AUTORELEASING = YES;
				CLANG_WARN_BOOL_CONVERSION = YES;
				CLANG_WARN_COMMA = YES;
				CLANG_WARN_CONSTANT_CONVERSION = YES;
				CLANG_WARN_DEPRECATED_OBJC_IMPLEMENTATIONS = YES;
				CLANG_WARN_DIRECT_OBJC_ISA_USAGE = YES_ERROR;
				CLANG_WARN_DOCUMENTATION_COMMENTS = YES;
				CLANG_WARN_EMPTY_BODY = YES;
				CLANG_WARN_ENUM_CONVERSION = YES;
				CLANG_WARN_INFINITE_RECURSION = YES;
				CLANG_WARN_INT_CONVERSION = YES;
				CLANG_WARN_NON_LITERAL_NULL_CONVERSION = YES;
				CLANG_WARN_OBJC_IMPLICIT_RETAIN_SELF = YES;
				CLANG_WARN_OBJC_LITERAL_CONVERSION = YES;
				CLANG_WARN_OBJC_ROOT_CLASS = YES_ERROR;
				CLANG_WARN_QUOTED_INCLUDE_IN_FRAMEWORK_HEADER = YES;
				CLANG_WARN_RANGE_LOOP_ANALYSIS = YES;
				CLANG_WARN_STRICT_PROTOTYPES = YES;
				CLANG_WARN_SUSPICIOUS_MOVE = YES;
				CLANG_WARN_UNGUARDED_AVAILABILITY = YES_AGGRESSIVE;
				CLANG_WARN_UNREACHABLE_CODE = YES;
				CLANG_WARN__DUPLICATE_METHOD_MATCH = YES;
				COPY_PHASE_STRIP = NO;
				DEBUG_INFORMATION_FORMAT = "dwarf-with-dsym";
				ENABLE_NS_ASSERTIONS = NO;
				ENABLE_STRICT_OBJC_MSGSEND = YES;
				ENABLE_USER_SCRIPT_SANDBOXING = YES;
				GCC_C_LANGUAGE_STANDARD = gnu17;
				GCC_NO_COMMON_BLOCKS = YES;
				GCC_WARN_64_TO_32_BIT_CONVERSION = YES;
				GCC_WARN_ABOUT_RETURN_TYPE = YES_ERROR;
				GCC_WARN_UNDECLARED_SELECTOR = YES;
				GCC_WARN_UNINITIALIZED_AUTOS = YES_AGGRESSIVE;
				GCC_WARN_UNUSED_FUNCTION = YES;
				GCC_WARN_UNUSED_VARIABLE = YES;
				IPHONEOS_DEPLOYMENT_TARGET = 17.4;
				LOCALIZATION_PREFERS_STRING_CATALOGS = YES;
				MTL_ENABLE_DEBUG_INFO = NO;
				MTL_FAST_MATH = YES;
				SDKROOT = iphoneos;
				SWIFT_COMPILATION_MODE = wholemodule;
				VALIDATE_PRODUCT = YES;
			};
			name = Release;
		};
		D287F3EA2BA61AB100AB09AC /* Debug */ = {
			isa = XCBuildConfiguration;
			buildSettings = {
				ASSETCATALOG_COMPILER_APPICON_NAME = AppIcon;
				ASSETCATALOG_COMPILER_GLOBAL_ACCENT_COLOR_NAME = AccentColor;
				CODE_SIGN_STYLE = Automatic;
				CURRENT_PROJECT_VERSION = 1;
				DEVELOPMENT_ASSET_PATHS = "\"PracticeUI/Preview Content\"";
				ENABLE_PREVIEWS = YES;
				GENERATE_INFOPLIST_FILE = YES;
				INFOPLIST_KEY_UIApplicationSceneManifest_Generation = YES;
				INFOPLIST_KEY_UIApplicationSupportsIndirectInputEvents = YES;
				INFOPLIST_KEY_UILaunchScreen_Generation = YES;
				INFOPLIST_KEY_UISupportedInterfaceOrientations_iPad = "UIInterfaceOrientationPortrait UIInterfaceOrientationPortraitUpsideDown UIInterfaceOrientationLandscapeLeft UIInterfaceOrientationLandscapeRight";
				INFOPLIST_KEY_UISupportedInterfaceOrientations_iPhone = "UIInterfaceOrientationPortrait UIInterfaceOrientationLandscapeLeft UIInterfaceOrientationLandscapeRight";
				LD_RUNPATH_SEARCH_PATHS = (
					"$(inherited)",
					"@executable_path/Frameworks",
				);
				MARKETING_VERSION = 1.0;
				PRODUCT_BUNDLE_IDENTIFIER = Mazah.PracticeUI;
				PRODUCT_NAME = "$(TARGET_NAME)";
				SWIFT_EMIT_LOC_STRINGS = YES;
				SWIFT_VERSION = 5.0;
				TARGETED_DEVICE_FAMILY = "1,2";
			};
			name = Debug;
		};
		D287F3EB2BA61AB100AB09AC /* Release */ = {
			isa = XCBuildConfiguration;
			buildSettings = {
				ASSETCATALOG_COMPILER_APPICON_NAME = AppIcon;
				ASSETCATALOG_COMPILER_GLOBAL_ACCENT_COLOR_NAME = AccentColor;
				CODE_SIGN_STYLE = Automatic;
				CURRENT_PROJECT_VERSION = 1;
				DEVELOPMENT_ASSET_PATHS = "\"PracticeUI/Preview Content\"";
				ENABLE_PREVIEWS = YES;
				GENERATE_INFOPLIST_FILE = YES;
				INFOPLIST_KEY_UIApplicationSceneManifest_Generation = YES;
				INFOPLIST_KEY_UIApplicationSupportsIndirectInputEvents = YES;
				INFOPLIST_KEY_UILaunchScreen_Generation = YES;
				INFOPLIST_KEY_UISupportedInterfaceOrientations_iPad = "UIInterfaceOrientationPortrait UIInterfaceOrientationPortraitUpsideDown UIInterfaceOrientationLandscapeLeft UIInterfaceOrientationLandscapeRight";
				INFOPLIST_KEY_UISupportedInterfaceOrientations_iPhone = "UIInterfaceOrientationPortrait UIInterfaceOrientationLandscapeLeft UIInterfaceOrientationLandscapeRight";
				LD_RUNPATH_SEARCH_PATHS = (
					"$(inherited)",
					"@executable_path/Frameworks",
				);
				MARKETING_VERSION = 1.0;
				PRODUCT_BUNDLE_IDENTIFIER = Mazah.PracticeUI;
				PRODUCT_NAME = "$(TARGET_NAME)";
				SWIFT_EMIT_LOC_STRINGS = YES;
				SWIFT_VERSION = 5.0;
				TARGETED_DEVICE_FAMILY = "1,2";
			};
			name = Release;
		};
/* End XCBuildConfiguration section */

/* Begin XCConfigurationList section */
		D287F3D62BA61AAE00AB09AC /* Build configuration list for PBXProject "PracticeUI" */ = {
			isa = XCConfigurationList;
			buildConfigurations = (
				D287F3E72BA61AB100AB09AC /* Debug */,
				D287F3E82BA61AB100AB09AC /* Release */,
			);
			defaultConfigurationIsVisible = 0;
			defaultConfigurationName = Release;
		};
		D287F3E92BA61AB100AB09AC /* Build configuration list for PBXNativeTarget "PracticeUI" */ = {
			isa = XCConfigurationList;
			buildConfigurations = (
				D287F3EA2BA61AB100AB09AC /* Debug */,
				D287F3EB2BA61AB100AB09AC /* Release */,
			);
			defaultConfigurationIsVisible = 0;
			defaultConfigurationName = Release;
		};
/* End XCConfigurationList section */
	};
	rootObject = D287F3D32BA61AAE00AB09AC /* Project object */;
}
